
Microsoft Visual Studio Solution File, Format Version 12.00
# Visual Studio Version 17
VisualStudioVersion = 17.0.31903.59
MinimumVisualStudioVersion = 10.0.40219.1
Project("{FAE04EC0-301F-11D3-BF4B-00C04F79EFBC}") = "LinqToSql_CityApplication", "LinqToSql_CityApplication.csproj", "{154006C2-CEA2-43C7-BD1E-4B3A68FA6D10}"
EndProject
Global
	GlobalSection(SolutionConfigurationPlatforms) = preSolution
		Debug|Any CPU = Debug|Any CPU
		Release|Any CPU = Release|Any CPU
	EndGlobalSection
	GlobalSection(ProjectConfigurationPlatforms) = postSolution
		{154006C2-CEA2-43C7-BD1E-4B3A68FA6D10}.Debug|Any CPU.ActiveCfg = Debug|Any CPU
		{154006C2-CEA2-43C7-BD1E-4B3A68FA6D10}.Debug|Any CPU.Build.0 = Debug|Any CPU
		{154006C2-CEA2-43C7-BD1E-4B3A68FA6D10}.Release|Any CPU.ActiveCfg = Release|Any CPU
		{154006C2-CEA2-43C7-BD1E-4B3A68FA6D10}.Release|Any CPU.Build.0 = Release|Any CPU
	EndGlobalSection
	GlobalSection(SolutionProperties) = preSolution
		HideSolutionNode = FALSE
	EndGlobalSection
	GlobalSection(ExtensibilityGlobals) = postSolution
		SolutionGuid = {C6CE5DF8-E642-4CA7-B042-BEECEFA37D58}
	EndGlobalSection
EndGlobal
